
Microsoft Visual Studio Solution File, Format Version 12.00
# Visual Studio 15
Project("{FAE04EC0-301F-11D3-BF4B-00C04F79EFBC}") = "Assembly-CSharp", "Assembly-CSharp.csproj", "{066D148F-2DB2-0A0C-CA39-DB0943B4043E}"
EndProject
Global
	GlobalSection(SolutionConfigurationPlatforms) = preSolution
		Debug|Any CPU = Debug|Any CPU
		Release|Any CPU = Release|Any CPU
	EndGlobalSection
	GlobalSection(ProjectConfigurationPlatforms) = postSolution
		{066D148F-2DB2-0A0C-CA39-DB0943B4043E}.Debug|Any CPU.ActiveCfg = Debug|Any CPU
		{066D148F-2DB2-0A0C-CA39-DB0943B4043E}.Debug|Any CPU.Build.0 = Debug|Any CPU
		{066D148F-2DB2-0A0C-CA39-DB0943B4043E}.Release|Any CPU.ActiveCfg = Release|Any CPU
		{066D148F-2DB2-0A0C-CA39-DB0943B4043E}.Release|Any CPU.Build.0 = Release|Any CPU
	EndGlobalSection
	GlobalSection(SolutionProperties) = preSolution
		HideSolutionNode = FALSE
	EndGlobalSection
EndGlobal
